
Microsoft Visual Studio Solution File, Format Version 12.00
# Visual Studio Version 16
VisualStudioVersion = 16.0.30804.86
MinimumVisualStudioVersion = 10.0.40219.1
Project("{9A19103F-16F7-4668-BE54-9A1E7A4F7556}") = "Services.Voucher", "Services.Voucher\Services.Voucher.csproj", "{4EEB4629-2985-449B-88B4-25BE5C97EF67}"
EndProject
Project("{9A19103F-16F7-4668-BE54-9A1E7A4F7556}") = "Services.Voucher.Test.Unit", "Services.Voucher.Test.Unit\Services.Voucher.Test.Unit.csproj", "{84BFB2C9-3EBE-4BA7-86CC-9A4F8E01A349}"
EndProject
Project("{9A19103F-16F7-4668-BE54-9A1E7A4F7556}") = "Services.Voucher.Test.Performance", "Services.Voucher.Test.Performance\Services.Voucher.Test.Performance.csproj", "{247089A9-5434-47B4-ADCF-88301CC92F2A}"
EndProject
Project("{2150E333-8FDC-42A3-9474-1A3956D46DE8}") = "Solution Items", "Solution Items", "{30019DEB-DF47-4A3D-88AF-0FEDD278353E}"
	ProjectSection(SolutionItems) = preProject
		..\.editorconfig = ..\.editorconfig
		..\.gitattributes = ..\.gitattributes
		..\.gitignore = ..\.gitignore
		Instructions.md = Instructions.md
	EndProjectSection
EndProject
Global
	GlobalSection(SolutionConfigurationPlatforms) = preSolution
		Debug|Any CPU = Debug|Any CPU
		Release|Any CPU = Release|Any CPU
	EndGlobalSection
	GlobalSection(ProjectConfigurationPlatforms) = postSolution
		{4EEB4629-2985-449B-88B4-25BE5C97EF67}.Debug|Any CPU.ActiveCfg = Debug|Any CPU
		{4EEB4629-2985-449B-88B4-25BE5C97EF67}.Debug|Any CPU.Build.0 = Debug|Any CPU
		{4EEB4629-2985-449B-88B4-25BE5C97EF67}.Release|Any CPU.ActiveCfg = Release|Any CPU
		{4EEB4629-2985-449B-88B4-25BE5C97EF67}.Release|Any CPU.Build.0 = Release|Any CPU
		{84BFB2C9-3EBE-4BA7-86CC-9A4F8E01A349}.Debug|Any CPU.ActiveCfg = Debug|Any CPU
		{84BFB2C9-3EBE-4BA7-86CC-9A4F8E01A349}.Debug|Any CPU.Build.0 = Debug|Any CPU
		{84BFB2C9-3EBE-4BA7-86CC-9A4F8E01A349}.Release|Any CPU.ActiveCfg = Release|Any CPU
		{84BFB2C9-3EBE-4BA7-86CC-9A4F8E01A349}.Release|Any CPU.Build.0 = Release|Any CPU
		{247089A9-5434-47B4-ADCF-88301CC92F2A}.Debug|Any CPU.ActiveCfg = Debug|Any CPU
		{247089A9-5434-47B4-ADCF-88301CC92F2A}.Debug|Any CPU.Build.0 = Debug|Any CPU
		{247089A9-5434-47B4-ADCF-88301CC92F2A}.Release|Any CPU.ActiveCfg = Release|Any CPU
		{247089A9-5434-47B4-ADCF-88301CC92F2A}.Release|Any CPU.Build.0 = Release|Any CPU
	EndGlobalSection
	GlobalSection(SolutionProperties) = preSolution
		HideSolutionNode = FALSE
	EndGlobalSection
	GlobalSection(ExtensibilityGlobals) = postSolution
		SolutionGuid = {0287CABA-DD55-4AEC-93AE-5EB66496B2F8}
	EndGlobalSection
EndGlobal
